
Microsoft Visual Studio Solution File, Format Version 12.00
# Visual Studio Version 17
VisualStudioVersion = 17.6.33829.357
MinimumVisualStudioVersion = 10.0.40219.1
Project("{9A19103F-16F7-4668-BE54-9A1E7A4F7556}") = "Recipe.Data.Entity", "Recipe.Data.Entity.csproj", "{DB20A162-F6FD-4C72-80BC-86B00BB42098}"
EndProject
Global
	GlobalSection(SolutionConfigurationPlatforms) = preSolution
		Debug|Any CPU = Debug|Any CPU
		Release|Any CPU = Release|Any CPU
	EndGlobalSection
	GlobalSection(ProjectConfigurationPlatforms) = postSolution
		{DB20A162-F6FD-4C72-80BC-86B00BB42098}.Debug|Any CPU.ActiveCfg = Debug|Any CPU
		{DB20A162-F6FD-4C72-80BC-86B00BB42098}.Debug|Any CPU.Build.0 = Debug|Any CPU
		{DB20A162-F6FD-4C72-80BC-86B00BB42098}.Release|Any CPU.ActiveCfg = Release|Any CPU
		{DB20A162-F6FD-4C72-80BC-86B00BB42098}.Release|Any CPU.Build.0 = Release|Any CPU
	EndGlobalSection
	GlobalSection(SolutionProperties) = preSolution
		HideSolutionNode = FALSE
	EndGlobalSection
	GlobalSection(ExtensibilityGlobals) = postSolution
		SolutionGuid = {B0E33521-592A-45A9-8F45-1B0D042DEB0D}
	EndGlobalSection
EndGlobal
