{
  "version": 4,
  "terraform_version": "1.2.5",
  "serial": 13,
  "lineage": "6665a7e0-63b8-a333-5b9d-1c50bffae486",
  "outputs": {},
  "resources": [
    {
      "mode": "managed",
      "type": "azurerm_mssql_firewall_rule",
      "name": "recipe-sql-firewall-rule",
      "provider": "provider[\"registry.terraform.io/hashicorp/azurerm\"]",
      "instances": [
        {
          "schema_version": 0,
          "attributes": {
            "end_ip_address": "0.0.0.0",
            "id": "/subscriptions/9bf9f29d-e85f-4c21-a142-11cf1ccf823f/resourceGroups/recipe-azuresql-rg-124703172/providers/Microsoft.Sql/servers/recipe-azuresql-server-124703172/firewallRules/recipe-azuresql-server-firewall-rule",
            "name": "recipe-azuresql-server-firewall-rule",
            "server_id": "/subscriptions/9bf9f29d-e85f-4c21-a142-11cf1ccf823f/resourceGroups/recipe-azuresql-rg-124703172/providers/Microsoft.Sql/servers/recipe-azuresql-server-124703172",
            "start_ip_address": "0.0.0.0",
            "timeouts": null
          },
          "sensitive_attributes": [],
          "private": "eyJlMmJmYjczMC1lY2FhLTExZTYtOGY4OC0zNDM2M2JjN2M0YzAiOnsiY3JlYXRlIjoxODAwMDAwMDAwMDAwLCJkZWxldGUiOjE4MDAwMDAwMDAwMDAsInJlYWQiOjMwMDAwMDAwMDAwMCwidXBkYXRlIjoxODAwMDAwMDAwMDAwfX0=",
          "dependencies": [
            "azurerm_mssql_server.recipe-sql-server",
            "azurerm_resource_group.recipe-sql"
          ]
        }
      ]
    },
    {
      "mode": "managed",
      "type": "azurerm_mssql_server",
      "name": "recipe-sql-server",
      "provider": "provider[\"registry.terraform.io/hashicorp/azurerm\"]",
      "instances": [
        {
          "schema_version": 0,
          "attributes": {
            "administrator_login": "azureuser",
            "administrator_login_password": "Pa294w0rD-124703172",
            "azuread_administrator": [],
            "connection_policy": "Default",
            "fully_qualified_domain_name": "recipe-azuresql-server-124703172.database.windows.net",
            "id": "/subscriptions/9bf9f29d-e85f-4c21-a142-11cf1ccf823f/resourceGroups/recipe-azuresql-rg-124703172/providers/Microsoft.Sql/servers/recipe-azuresql-server-124703172",
            "identity": [],
            "location": "northcentralus",
            "minimum_tls_version": "1.2",
            "name": "recipe-azuresql-server-124703172",
            "outbound_network_restriction_enabled": false,
            "primary_user_assigned_identity_id": "",
            "public_network_access_enabled": true,
            "resource_group_name": "recipe-azuresql-rg-124703172",
            "restorable_dropped_database_ids": [],
            "tags": {},
            "timeouts": null,
            "version": "12.0"
          },
          "sensitive_attributes": [],
          "private": "eyJlMmJmYjczMC1lY2FhLTExZTYtOGY4OC0zNDM2M2JjN2M0YzAiOnsiY3JlYXRlIjozNjAwMDAwMDAwMDAwLCJkZWxldGUiOjM2MDAwMDAwMDAwMDAsInJlYWQiOjMwMDAwMDAwMDAwMCwidXBkYXRlIjozNjAwMDAwMDAwMDAwfX0=",
          "dependencies": [
            "azurerm_resource_group.recipe-sql"
          ]
        }
      ]
    },
    {
      "mode": "managed",
      "type": "azurerm_resource_group",
      "name": "recipe-sql",
      "provider": "provider[\"registry.terraform.io/hashicorp/azurerm\"]",
      "instances": [
        {
          "schema_version": 0,
          "attributes": {
            "id": "/subscriptions/9bf9f29d-e85f-4c21-a142-11cf1ccf823f/resourceGroups/recipe-azuresql-rg-124703172",
            "location": "northcentralus",
            "name": "recipe-azuresql-rg-124703172",
            "tags": {},
            "timeouts": null
          },
          "sensitive_attributes": [],
          "private": "eyJlMmJmYjczMC1lY2FhLTExZTYtOGY4OC0zNDM2M2JjN2M0YzAiOnsiY3JlYXRlIjo1NDAwMDAwMDAwMDAwLCJkZWxldGUiOjU0MDAwMDAwMDAwMDAsInJlYWQiOjMwMDAwMDAwMDAwMCwidXBkYXRlIjo1NDAwMDAwMDAwMDAwfX0="
        }
      ]
    }
  ]
}
